// !$*UTF8*$!
{
	archiveVersion = 1;
	classes = {
	};
	objectVersion = 50;
	objects = {

/* Begin PBXBuildFile section */
		268BD53DCAEB8231D6471495 /* Pods_CinematX.framework in Frameworks */ = {isa = PBXBuildFile; fileRef = B63B8C37750DFD9B79244BA0 /* Pods_CinematX.framework */; };
		910E7AE121FD89EC0015CDB2 /* MovieDatabaseProtocol.swift in Sources */ = {isa = PBXBuildFile; fileRef = 910E7AE021FD89EC0015CDB2 /* MovieDatabaseProtocol.swift */; };
		910E7AE321FD8B7F0015CDB2 /* TheMovieDatabaseService.swift in Sources */ = {isa = PBXBuildFile; fileRef = 910E7AE221FD8B7F0015CDB2 /* TheMovieDatabaseService.swift */; };
		910E7AE621FD8C890015CDB2 /* Movie.swift in Sources */ = {isa = PBXBuildFile; fileRef = 910E7AE521FD8C890015CDB2 /* Movie.swift */; };
		910E7AEE2202EBAF0015CDB2 /* DataFactoryProtocol.swift in Sources */ = {isa = PBXBuildFile; fileRef = 910E7AED2202EBAF0015CDB2 /* DataFactoryProtocol.swift */; };
		910E7AF02202F08A0015CDB2 /* DataFactoryService.swift in Sources */ = {isa = PBXBuildFile; fileRef = 910E7AEF2202F08A0015CDB2 /* DataFactoryService.swift */; };
		910E7AF32203865E0015CDB2 /* Localizable.strings in Resources */ = {isa = PBXBuildFile; fileRef = 910E7AF12203865E0015CDB2 /* Localizable.strings */; };
		910E7AF622070C710015CDB2 /* CommonError.swift in Sources */ = {isa = PBXBuildFile; fileRef = 910E7AF522070C710015CDB2 /* CommonError.swift */; };
		916B0EA321FC5D87008F8671 /* NetworkingProtocol.swift in Sources */ = {isa = PBXBuildFile; fileRef = 916B0EA221FC5D87008F8671 /* NetworkingProtocol.swift */; };
		916B0EA821FC67E2008F8671 /* NetworkingService.swift in Sources */ = {isa = PBXBuildFile; fileRef = 916B0EA721FC67E2008F8671 /* NetworkingService.swift */; };
		916B0EAA21FC8BC1008F8671 /* SwinjectStoryboard.swift in Sources */ = {isa = PBXBuildFile; fileRef = 916B0EA921FC8BC1008F8671 /* SwinjectStoryboard.swift */; };
		91A62FD021F8E78300718A87 /* AppDelegate.swift in Sources */ = {isa = PBXBuildFile; fileRef = 91A62FCF21F8E78300718A87 /* AppDelegate.swift */; };
		91A62FD221F8E78300718A87 /* PopularMoviesViewController.swift in Sources */ = {isa = PBXBuildFile; fileRef = 91A62FD121F8E78300718A87 /* PopularMoviesViewController.swift */; };
		91A62FD521F8E78300718A87 /* Main.storyboard in Resources */ = {isa = PBXBuildFile; fileRef = 91A62FD321F8E78300718A87 /* Main.storyboard */; };
		91A62FD721F8E78500718A87 /* Assets.xcassets in Resources */ = {isa = PBXBuildFile; fileRef = 91A62FD621F8E78500718A87 /* Assets.xcassets */; };
		91A62FDA21F8E78500718A87 /* LaunchScreen.storyboard in Resources */ = {isa = PBXBuildFile; fileRef = 91A62FD821F8E78500718A87 /* LaunchScreen.storyboard */; };
		91A62FE521F8E78600718A87 /* CinematXTests.swift in Sources */ = {isa = PBXBuildFile; fileRef = 91A62FE421F8E78600718A87 /* CinematXTests.swift */; };
		91A62FF021F8E78600718A87 /* CinematXUITests.swift in Sources */ = {isa = PBXBuildFile; fileRef = 91A62FEF21F8E78600718A87 /* CinematXUITests.swift */; };
/* End PBXBuildFile section */

/* Begin PBXContainerItemProxy section */
		91A62FE121F8E78600718A87 /* PBXContainerItemProxy */ = {
			isa = PBXContainerItemProxy;
			containerPortal = 91A62FC421F8E78300718A87 /* Project object */;
			proxyType = 1;
			remoteGlobalIDString = 91A62FCB21F8E78300718A87;
			remoteInfo = CinematX;
		};
		91A62FEC21F8E78600718A87 /* PBXContainerItemProxy */ = {
			isa = PBXContainerItemProxy;
			containerPortal = 91A62FC421F8E78300718A87 /* Project object */;
			proxyType = 1;
			remoteGlobalIDString = 91A62FCB21F8E78300718A87;
			remoteInfo = CinematX;
		};
/* End PBXContainerItemProxy section */

/* Begin PBXFileReference section */
		56717F08E472600CB30C7177 /* Pods-CinematX.release.xcconfig */ = {isa = PBXFileReference; includeInIndex = 1; lastKnownFileType = text.xcconfig; name = "Pods-CinematX.release.xcconfig"; path = "Pods/Target Support Files/Pods-CinematX/Pods-CinematX.release.xcconfig"; sourceTree = "<group>"; };
		910E7AE021FD89EC0015CDB2 /* MovieDatabaseProtocol.swift */ = {isa = PBXFileReference; lastKnownFileType = sourcecode.swift; path = MovieDatabaseProtocol.swift; sourceTree = "<group>"; };
		910E7AE221FD8B7F0015CDB2 /* TheMovieDatabaseService.swift */ = {isa = PBXFileReference; lastKnownFileType = sourcecode.swift; path = TheMovieDatabaseService.swift; sourceTree = "<group>"; };
		910E7AE521FD8C890015CDB2 /* Movie.swift */ = {isa = PBXFileReference; lastKnownFileType = sourcecode.swift; path = Movie.swift; sourceTree = "<group>"; };
		910E7AED2202EBAF0015CDB2 /* DataFactoryProtocol.swift */ = {isa = PBXFileReference; lastKnownFileType = sourcecode.swift; path = DataFactoryProtocol.swift; sourceTree = "<group>"; };
		910E7AEF2202F08A0015CDB2 /* DataFactoryService.swift */ = {isa = PBXFileReference; lastKnownFileType = sourcecode.swift; path = DataFactoryService.swift; sourceTree = "<group>"; };
		910E7AF22203865E0015CDB2 /* en */ = {isa = PBXFileReference; lastKnownFileType = text.plist.strings; name = en; path = CinematX/en.lproj/Localizable.strings; sourceTree = "<group>"; };
		910E7AF522070C710015CDB2 /* CommonError.swift */ = {isa = PBXFileReference; lastKnownFileType = sourcecode.swift; path = CommonError.swift; sourceTree = "<group>"; };
		9122EE8C21FA41CC007FE01B /* en */ = {isa = PBXFileReference; lastKnownFileType = text.plist.strings; name = en; path = en.lproj/Main.strings; sourceTree = "<group>"; };
		916B0EA221FC5D87008F8671 /* NetworkingProtocol.swift */ = {isa = PBXFileReference; lastKnownFileType = sourcecode.swift; path = NetworkingProtocol.swift; sourceTree = "<group>"; };
		916B0EA721FC67E2008F8671 /* NetworkingService.swift */ = {isa = PBXFileReference; lastKnownFileType = sourcecode.swift; path = NetworkingService.swift; sourceTree = "<group>"; };
		916B0EA921FC8BC1008F8671 /* SwinjectStoryboard.swift */ = {isa = PBXFileReference; lastKnownFileType = sourcecode.swift; path = SwinjectStoryboard.swift; sourceTree = "<group>"; };
		91A62FCC21F8E78300718A87 /* CinematX.app */ = {isa = PBXFileReference; explicitFileType = wrapper.application; includeInIndex = 0; path = CinematX.app; sourceTree = BUILT_PRODUCTS_DIR; };
		91A62FCF21F8E78300718A87 /* AppDelegate.swift */ = {isa = PBXFileReference; lastKnownFileType = sourcecode.swift; path = AppDelegate.swift; sourceTree = "<group>"; };
		91A62FD121F8E78300718A87 /* PopularMoviesViewController.swift */ = {isa = PBXFileReference; lastKnownFileType = sourcecode.swift; path = PopularMoviesViewController.swift; sourceTree = "<group>"; };
		91A62FD421F8E78300718A87 /* Base */ = {isa = PBXFileReference; lastKnownFileType = file.storyboard; name = Base; path = Base.lproj/Main.storyboard; sourceTree = "<group>"; };
		91A62FD621F8E78500718A87 /* Assets.xcassets */ = {isa = PBXFileReference; lastKnownFileType = folder.assetcatalog; path = Assets.xcassets; sourceTree = "<group>"; };
		91A62FD921F8E78500718A87 /* Base */ = {isa = PBXFileReference; lastKnownFileType = file.storyboard; name = Base; path = Base.lproj/LaunchScreen.storyboard; sourceTree = "<group>"; };
		91A62FDB21F8E78500718A87 /* Info.plist */ = {isa = PBXFileReference; lastKnownFileType = text.plist.xml; path = Info.plist; sourceTree = "<group>"; };
		91A62FE021F8E78600718A87 /* CinematXTests.xctest */ = {isa = PBXFileReference; explicitFileType = wrapper.cfbundle; includeInIndex = 0; path = CinematXTests.xctest; sourceTree = BUILT_PRODUCTS_DIR; };
		91A62FE421F8E78600718A87 /* CinematXTests.swift */ = {isa = PBXFileReference; lastKnownFileType = sourcecode.swift; path = CinematXTests.swift; sourceTree = "<group>"; };
		91A62FE621F8E78600718A87 /* Info.plist */ = {isa = PBXFileReference; lastKnownFileType = text.plist.xml; path = Info.plist; sourceTree = "<group>"; };
		91A62FEB21F8E78600718A87 /* CinematXUITests.xctest */ = {isa = PBXFileReference; explicitFileType = wrapper.cfbundle; includeInIndex = 0; path = CinematXUITests.xctest; sourceTree = BUILT_PRODUCTS_DIR; };
		91A62FEF21F8E78600718A87 /* CinematXUITests.swift */ = {isa = PBXFileReference; lastKnownFileType = sourcecode.swift; path = CinematXUITests.swift; sourceTree = "<group>"; };
		91A62FF121F8E78600718A87 /* Info.plist */ = {isa = PBXFileReference; lastKnownFileType = text.plist.xml; path = Info.plist; sourceTree = "<group>"; };
		B63B8C37750DFD9B79244BA0 /* Pods_CinematX.framework */ = {isa = PBXFileReference; explicitFileType = wrapper.framework; includeInIndex = 0; path = Pods_CinematX.framework; sourceTree = BUILT_PRODUCTS_DIR; };
		D1513749033EEED0D170EA62 /* Pods-CinematX.debug.xcconfig */ = {isa = PBXFileReference; includeInIndex = 1; lastKnownFileType = text.xcconfig; name = "Pods-CinematX.debug.xcconfig"; path = "Pods/Target Support Files/Pods-CinematX/Pods-CinematX.debug.xcconfig"; sourceTree = "<group>"; };
/* End PBXFileReference section */

/* Begin PBXFrameworksBuildPhase section */
		91A62FC921F8E78300718A87 /* Frameworks */ = {
			isa = PBXFrameworksBuildPhase;
			buildActionMask = 2147483647;
			files = (
				268BD53DCAEB8231D6471495 /* Pods_CinematX.framework in Frameworks */,
			);
			runOnlyForDeploymentPostprocessing = 0;
		};
		91A62FDD21F8E78600718A87 /* Frameworks */ = {
			isa = PBXFrameworksBuildPhase;
			buildActionMask = 2147483647;
			files = (
			);
			runOnlyForDeploymentPostprocessing = 0;
		};
		91A62FE821F8E78600718A87 /* Frameworks */ = {
			isa = PBXFrameworksBuildPhase;
			buildActionMask = 2147483647;
			files = (
			);
			runOnlyForDeploymentPostprocessing = 0;
		};
/* End PBXFrameworksBuildPhase section */

/* Begin PBXGroup section */
		80177B8F6DBD78EAE952E217 /* Pods */ = {
			isa = PBXGroup;
			children = (
				D1513749033EEED0D170EA62 /* Pods-CinematX.debug.xcconfig */,
				56717F08E472600CB30C7177 /* Pods-CinematX.release.xcconfig */,
			);
			name = Pods;
			sourceTree = "<group>";
		};
		910E7AE421FD8C0D0015CDB2 /* CinematXModel */ = {
			isa = PBXGroup;
			children = (
				910E7AE521FD8C890015CDB2 /* Movie.swift */,
			);
			path = CinematXModel;
			sourceTree = "<group>";
		};
		910E7AF422070C450015CDB2 /* CinematXCommon */ = {
			isa = PBXGroup;
			children = (
				910E7AF522070C710015CDB2 /* CommonError.swift */,
			);
			path = CinematXCommon;
			sourceTree = "<group>";
		};
		916B0EA121FC5C67008F8671 /* CinematXProtocols */ = {
			isa = PBXGroup;
			children = (
				916B0EA221FC5D87008F8671 /* NetworkingProtocol.swift */,
				910E7AE021FD89EC0015CDB2 /* MovieDatabaseProtocol.swift */,
				910E7AED2202EBAF0015CDB2 /* DataFactoryProtocol.swift */,
			);
			path = CinematXProtocols;
			sourceTree = "<group>";
		};
		916B0EA621FC67BA008F8671 /* Services */ = {
			isa = PBXGroup;
			children = (
				916B0EA721FC67E2008F8671 /* NetworkingService.swift */,
				910E7AE221FD8B7F0015CDB2 /* TheMovieDatabaseService.swift */,
				910E7AEF2202F08A0015CDB2 /* DataFactoryService.swift */,
			);
			path = Services;
			sourceTree = "<group>";
		};
		91A62FC321F8E78300718A87 = {
			isa = PBXGroup;
			children = (
				910E7AF422070C450015CDB2 /* CinematXCommon */,
				910E7AE421FD8C0D0015CDB2 /* CinematXModel */,
				916B0EA121FC5C67008F8671 /* CinematXProtocols */,
				91A62FCE21F8E78300718A87 /* CinematX */,
				91A62FE321F8E78600718A87 /* CinematXTests */,
				91A62FEE21F8E78600718A87 /* CinematXUITests */,
				91A62FCD21F8E78300718A87 /* Products */,
				80177B8F6DBD78EAE952E217 /* Pods */,
				A05A72C09A006A616924AE30 /* Frameworks */,
			);
			sourceTree = "<group>";
		};
		91A62FCD21F8E78300718A87 /* Products */ = {
			isa = PBXGroup;
			children = (
				91A62FCC21F8E78300718A87 /* CinematX.app */,
				91A62FE021F8E78600718A87 /* CinematXTests.xctest */,
				91A62FEB21F8E78600718A87 /* CinematXUITests.xctest */,
			);
			name = Products;
			sourceTree = "<group>";
		};
		91A62FCE21F8E78300718A87 /* CinematX */ = {
			isa = PBXGroup;
			children = (
				916B0EA621FC67BA008F8671 /* Services */,
				91A62FCF21F8E78300718A87 /* AppDelegate.swift */,
				91A62FD121F8E78300718A87 /* PopularMoviesViewController.swift */,
				91A62FD321F8E78300718A87 /* Main.storyboard */,
				91A62FD621F8E78500718A87 /* Assets.xcassets */,
				91A62FD821F8E78500718A87 /* LaunchScreen.storyboard */,
				91A62FDB21F8E78500718A87 /* Info.plist */,
				916B0EA921FC8BC1008F8671 /* SwinjectStoryboard.swift */,
				910E7AF12203865E0015CDB2 /* Localizable.strings */,
			);
			path = CinematX;
			sourceTree = "<group>";
		};
		91A62FE321F8E78600718A87 /* CinematXTests */ = {
			isa = PBXGroup;
			children = (
				91A62FE421F8E78600718A87 /* CinematXTests.swift */,
				91A62FE621F8E78600718A87 /* Info.plist */,
			);
			path = CinematXTests;
			sourceTree = "<group>";
		};
		91A62FEE21F8E78600718A87 /* CinematXUITests */ = {
			isa = PBXGroup;
			children = (
				91A62FEF21F8E78600718A87 /* CinematXUITests.swift */,
				91A62FF121F8E78600718A87 /* Info.plist */,
			);
			path = CinematXUITests;
			sourceTree = "<group>";
		};
		A05A72C09A006A616924AE30 /* Frameworks */ = {
			isa = PBXGroup;
			children = (
				B63B8C37750DFD9B79244BA0 /* Pods_CinematX.framework */,
			);
			name = Frameworks;
			sourceTree = "<group>";
		};
/* End PBXGroup section */

/* Begin PBXNativeTarget section */
		91A62FCB21F8E78300718A87 /* CinematX */ = {
			isa = PBXNativeTarget;
			buildConfigurationList = 91A62FF421F8E78600718A87 /* Build configuration list for PBXNativeTarget "CinematX" */;
			buildPhases = (
				81D921B05E45B32C3A237D5E /* [CP] Check Pods Manifest.lock */,
				91A62FC821F8E78300718A87 /* Sources */,
				91A62FC921F8E78300718A87 /* Frameworks */,
				91A62FCA21F8E78300718A87 /* Resources */,
				8BE6F3AA7B2C60D60ADD91AF /* [CP] Embed Pods Frameworks */,
			);
			buildRules = (
			);
			dependencies = (
			);
			name = CinematX;
			productName = CinematX;
			productReference = 91A62FCC21F8E78300718A87 /* CinematX.app */;
			productType = "com.apple.product-type.application";
		};
		91A62FDF21F8E78600718A87 /* CinematXTests */ = {
			isa = PBXNativeTarget;
			buildConfigurationList = 91A62FF721F8E78600718A87 /* Build configuration list for PBXNativeTarget "CinematXTests" */;
			buildPhases = (
				91A62FDC21F8E78600718A87 /* Sources */,
				91A62FDD21F8E78600718A87 /* Frameworks */,
				91A62FDE21F8E78600718A87 /* Resources */,
			);
			buildRules = (
			);
			dependencies = (
				91A62FE221F8E78600718A87 /* PBXTargetDependency */,
			);
			name = CinematXTests;
			productName = CinematXTests;
			productReference = 91A62FE021F8E78600718A87 /* CinematXTests.xctest */;
			productType = "com.apple.product-type.bundle.unit-test";
		};
		91A62FEA21F8E78600718A87 /* CinematXUITests */ = {
			isa = PBXNativeTarget;
			buildConfigurationList = 91A62FFA21F8E78600718A87 /* Build configuration list for PBXNativeTarget "CinematXUITests" */;
			buildPhases = (
				91A62FE721F8E78600718A87 /* Sources */,
				91A62FE821F8E78600718A87 /* Frameworks */,
				91A62FE921F8E78600718A87 /* Resources */,
			);
			buildRules = (
			);
			dependencies = (
				91A62FED21F8E78600718A87 /* PBXTargetDependency */,
			);
			name = CinematXUITests;
			productName = CinematXUITests;
			productReference = 91A62FEB21F8E78600718A87 /* CinematXUITests.xctest */;
			productType = "com.apple.product-type.bundle.ui-testing";
		};
/* End PBXNativeTarget section */

/* Begin PBXProject section */
		91A62FC421F8E78300718A87 /* Project object */ = {
			isa = PBXProject;
			attributes = {
				LastSwiftUpdateCheck = 1010;
				LastUpgradeCheck = 1010;
				ORGANIZATIONNAME = "Adam Londa";
				TargetAttributes = {
					91A62FCB21F8E78300718A87 = {
						CreatedOnToolsVersion = 10.1;
					};
					91A62FDF21F8E78600718A87 = {
						CreatedOnToolsVersion = 10.1;
						TestTargetID = 91A62FCB21F8E78300718A87;
					};
					91A62FEA21F8E78600718A87 = {
						CreatedOnToolsVersion = 10.1;
						TestTargetID = 91A62FCB21F8E78300718A87;
					};
				};
			};
			buildConfigurationList = 91A62FC721F8E78300718A87 /* Build configuration list for PBXProject "CinematX" */;
			compatibilityVersion = "Xcode 9.3";
			developmentRegion = en;
			hasScannedForEncodings = 0;
			knownRegions = (
				en,
				Base,
			);
			mainGroup = 91A62FC321F8E78300718A87;
			productRefGroup = 91A62FCD21F8E78300718A87 /* Products */;
			projectDirPath = "";
			projectRoot = "";
			targets = (
				91A62FCB21F8E78300718A87 /* CinematX */,
				91A62FDF21F8E78600718A87 /* CinematXTests */,
				91A62FEA21F8E78600718A87 /* CinematXUITests */,
			);
		};
/* End PBXProject section */

/* Begin PBXResourcesBuildPhase section */
		91A62FCA21F8E78300718A87 /* Resources */ = {
			isa = PBXResourcesBuildPhase;
			buildActionMask = 2147483647;
			files = (
				91A62FDA21F8E78500718A87 /* LaunchScreen.storyboard in Resources */,
				910E7AF32203865E0015CDB2 /* Localizable.strings in Resources */,
				91A62FD721F8E78500718A87 /* Assets.xcassets in Resources */,
				91A62FD521F8E78300718A87 /* Main.storyboard in Resources */,
			);
			runOnlyForDeploymentPostprocessing = 0;
		};
		91A62FDE21F8E78600718A87 /* Resources */ = {
			isa = PBXResourcesBuildPhase;
			buildActionMask = 2147483647;
			files = (
			);
			runOnlyForDeploymentPostprocessing = 0;
		};
		91A62FE921F8E78600718A87 /* Resources */ = {
			isa = PBXResourcesBuildPhase;
			buildActionMask = 2147483647;
			files = (
			);
			runOnlyForDeploymentPostprocessing = 0;
		};
/* End PBXResourcesBuildPhase section */

/* Begin PBXShellScriptBuildPhase section */
		81D921B05E45B32C3A237D5E /* [CP] Check Pods Manifest.lock */ = {
			isa = PBXShellScriptBuildPhase;
			buildActionMask = 2147483647;
			files = (
			);
			inputFileListPaths = (
			);
			inputPaths = (
				"${PODS_PODFILE_DIR_PATH}/Podfile.lock",
				"${PODS_ROOT}/Manifest.lock",
			);
			name = "[CP] Check Pods Manifest.lock";
			outputFileListPaths = (
			);
			outputPaths = (
				"$(DERIVED_FILE_DIR)/Pods-CinematX-checkManifestLockResult.txt",
			);
			runOnlyForDeploymentPostprocessing = 0;
			shellPath = /bin/sh;
			shellScript = "diff \"${PODS_PODFILE_DIR_PATH}/Podfile.lock\" \"${PODS_ROOT}/Manifest.lock\" > /dev/null\nif [ $? != 0 ] ; then\n    # print error to STDERR\n    echo \"error: The sandbox is not in sync with the Podfile.lock. Run 'pod install' or update your CocoaPods installation.\" >&2\n    exit 1\nfi\n# This output is used by Xcode 'outputs' to avoid re-running this script phase.\necho \"SUCCESS\" > \"${SCRIPT_OUTPUT_FILE_0}\"\n";
			showEnvVarsInLog = 0;
		};
		8BE6F3AA7B2C60D60ADD91AF /* [CP] Embed Pods Frameworks */ = {
			isa = PBXShellScriptBuildPhase;
			buildActionMask = 2147483647;
			files = (
			);
			inputFileListPaths = (
			);
			inputPaths = (
				"${SRCROOT}/Pods/Target Support Files/Pods-CinematX/Pods-CinematX-frameworks.sh",
				"${BUILT_PRODUCTS_DIR}/Alamofire/Alamofire.framework",
				"${BUILT_PRODUCTS_DIR}/AlamofireImage/AlamofireImage.framework",
				"${BUILT_PRODUCTS_DIR}/Microfutures/Microfutures.framework",
				"${BUILT_PRODUCTS_DIR}/Swinject/Swinject.framework",
				"${BUILT_PRODUCTS_DIR}/SwinjectStoryboard/SwinjectStoryboard.framework",
			);
			name = "[CP] Embed Pods Frameworks";
			outputFileListPaths = (
			);
			outputPaths = (
				"${TARGET_BUILD_DIR}/${FRAMEWORKS_FOLDER_PATH}/Alamofire.framework",
				"${TARGET_BUILD_DIR}/${FRAMEWORKS_FOLDER_PATH}/AlamofireImage.framework",
				"${TARGET_BUILD_DIR}/${FRAMEWORKS_FOLDER_PATH}/Microfutures.framework",
				"${TARGET_BUILD_DIR}/${FRAMEWORKS_FOLDER_PATH}/Swinject.framework",
				"${TARGET_BUILD_DIR}/${FRAMEWORKS_FOLDER_PATH}/SwinjectStoryboard.framework",
			);
			runOnlyForDeploymentPostprocessing = 0;
			shellPath = /bin/sh;
			shellScript = "\"${SRCROOT}/Pods/Target Support Files/Pods-CinematX/Pods-CinematX-frameworks.sh\"\n";
			showEnvVarsInLog = 0;
		};
/* End PBXShellScriptBuildPhase section */

/* Begin PBXSourcesBuildPhase section */
		91A62FC821F8E78300718A87 /* Sources */ = {
			isa = PBXSourcesBuildPhase;
			buildActionMask = 2147483647;
			files = (
				916B0EA321FC5D87008F8671 /* NetworkingProtocol.swift in Sources */,
				910E7AE621FD8C890015CDB2 /* Movie.swift in Sources */,
				910E7AF622070C710015CDB2 /* CommonError.swift in Sources */,
				91A62FD221F8E78300718A87 /* PopularMoviesViewController.swift in Sources */,
				910E7AEE2202EBAF0015CDB2 /* DataFactoryProtocol.swift in Sources */,
				910E7AE321FD8B7F0015CDB2 /* TheMovieDatabaseService.swift in Sources */,
				91A62FD021F8E78300718A87 /* AppDelegate.swift in Sources */,
				916B0EAA21FC8BC1008F8671 /* SwinjectStoryboard.swift in Sources */,
				910E7AF02202F08A0015CDB2 /* DataFactoryService.swift in Sources */,
				916B0EA821FC67E2008F8671 /* NetworkingService.swift in Sources */,
				910E7AE121FD89EC0015CDB2 /* MovieDatabaseProtocol.swift in Sources */,
			);
			runOnlyForDeploymentPostprocessing = 0;
		};
		91A62FDC21F8E78600718A87 /* Sources */ = {
			isa = PBXSourcesBuildPhase;
			buildActionMask = 2147483647;
			files = (
				91A62FE521F8E78600718A87 /* CinematXTests.swift in Sources */,
			);
			runOnlyForDeploymentPostprocessing = 0;
		};
		91A62FE721F8E78600718A87 /* Sources */ = {
			isa = PBXSourcesBuildPhase;
			buildActionMask = 2147483647;
			files = (
				91A62FF021F8E78600718A87 /* CinematXUITests.swift in Sources */,
			);
			runOnlyForDeploymentPostprocessing = 0;
		};
/* End PBXSourcesBuildPhase section */

/* Begin PBXTargetDependency section */
		91A62FE221F8E78600718A87 /* PBXTargetDependency */ = {
			isa = PBXTargetDependency;
			target = 91A62FCB21F8E78300718A87 /* CinematX */;
			targetProxy = 91A62FE121F8E78600718A87 /* PBXContainerItemProxy */;
		};
		91A62FED21F8E78600718A87 /* PBXTargetDependency */ = {
			isa = PBXTargetDependency;
			target = 91A62FCB21F8E78300718A87 /* CinematX */;
			targetProxy = 91A62FEC21F8E78600718A87 /* PBXContainerItemProxy */;
		};
/* End PBXTargetDependency section */

/* Begin PBXVariantGroup section */
		910E7AF12203865E0015CDB2 /* Localizable.strings */ = {
			isa = PBXVariantGroup;
			children = (
				910E7AF22203865E0015CDB2 /* en */,
			);
			name = Localizable.strings;
			sourceTree = "<group>";
		};
		91A62FD321F8E78300718A87 /* Main.storyboard */ = {
			isa = PBXVariantGroup;
			children = (
				91A62FD421F8E78300718A87 /* Base */,
				9122EE8C21FA41CC007FE01B /* en */,
			);
			name = Main.storyboard;
			sourceTree = "<group>";
		};
		91A62FD821F8E78500718A87 /* LaunchScreen.storyboard */ = {
			isa = PBXVariantGroup;
			children = (
				91A62FD921F8E78500718A87 /* Base */,
			);
			name = LaunchScreen.storyboard;
			sourceTree = "<group>";
		};
/* End PBXVariantGroup section */

/* Begin XCBuildConfiguration section */
		91A62FF221F8E78600718A87 /* Debug */ = {
			isa = XCBuildConfiguration;
			buildSettings = {
				ALWAYS_SEARCH_USER_PATHS = NO;
				CLANG_ANALYZER_NONNULL = YES;
				CLANG_ANALYZER_NUMBER_OBJECT_CONVERSION = YES_AGGRESSIVE;
				CLANG_CXX_LANGUAGE_STANDARD = "gnu++14";
				CLANG_CXX_LIBRARY = "libc++";
				CLANG_ENABLE_MODULES = YES;
				CLANG_ENABLE_OBJC_ARC = YES;
				CLANG_ENABLE_OBJC_WEAK = YES;
				CLANG_WARN_BLOCK_CAPTURE_AUTORELEASING = YES;
				CLANG_WARN_BOOL_CONVERSION = YES;
				CLANG_WARN_COMMA = YES;
				CLANG_WARN_CONSTANT_CONVERSION = YES;
				CLANG_WARN_DEPRECATED_OBJC_IMPLEMENTATIONS = YES;
				CLANG_WARN_DIRECT_OBJC_ISA_USAGE = YES_ERROR;
				CLANG_WARN_DOCUMENTATION_COMMENTS = YES;
				CLANG_WARN_EMPTY_BODY = YES;
				CLANG_WARN_ENUM_CONVERSION = YES;
				CLANG_WARN_INFINITE_RECURSION = YES;
				CLANG_WARN_INT_CONVERSION = YES;
				CLANG_WARN_NON_LITERAL_NULL_CONVERSION = YES;
				CLANG_WARN_OBJC_IMPLICIT_RETAIN_SELF = YES;
				CLANG_WARN_OBJC_LITERAL_CONVERSION = YES;
				CLANG_WARN_OBJC_ROOT_CLASS = YES_ERROR;
				CLANG_WARN_RANGE_LOOP_ANALYSIS = YES;
				CLANG_WARN_STRICT_PROTOTYPES = YES;
				CLANG_WARN_SUSPICIOUS_MOVE = YES;
				CLANG_WARN_UNGUARDED_AVAILABILITY = YES_AGGRESSIVE;
				CLANG_WARN_UNREACHABLE_CODE = YES;
				CLANG_WARN__DUPLICATE_METHOD_MATCH = YES;
				CODE_SIGN_IDENTITY = "iPhone Developer";
				COPY_PHASE_STRIP = NO;
				DEBUG_INFORMATION_FORMAT = dwarf;
				ENABLE_STRICT_OBJC_MSGSEND = YES;
				ENABLE_TESTABILITY = YES;
				GCC_C_LANGUAGE_STANDARD = gnu11;
				GCC_DYNAMIC_NO_PIC = NO;
				GCC_NO_COMMON_BLOCKS = YES;
				GCC_OPTIMIZATION_LEVEL = 0;
				GCC_PREPROCESSOR_DEFINITIONS = (
					"DEBUG=1",
					"$(inherited)",
				);
				GCC_WARN_64_TO_32_BIT_CONVERSION = YES;
				GCC_WARN_ABOUT_RETURN_TYPE = YES_ERROR;
				GCC_WARN_UNDECLARED_SELECTOR = YES;
				GCC_WARN_UNINITIALIZED_AUTOS = YES_AGGRESSIVE;
				GCC_WARN_UNUSED_FUNCTION = YES;
				GCC_WARN_UNUSED_VARIABLE = YES;
				IPHONEOS_DEPLOYMENT_TARGET = 12.1;
				MTL_ENABLE_DEBUG_INFO = INCLUDE_SOURCE;
				MTL_FAST_MATH = YES;
				ONLY_ACTIVE_ARCH = YES;
				SDKROOT = iphoneos;
				SWIFT_ACTIVE_COMPILATION_CONDITIONS = DEBUG;
				SWIFT_OPTIMIZATION_LEVEL = "-Onone";
			};
			name = Debug;
		};
		91A62FF321F8E78600718A87 /* Release */ = {
			isa = XCBuildConfiguration;
			buildSettings = {
				ALWAYS_SEARCH_USER_PATHS = NO;
				CLANG_ANALYZER_NONNULL = YES;
				CLANG_ANALYZER_NUMBER_OBJECT_CONVERSION = YES_AGGRESSIVE;
				CLANG_CXX_LANGUAGE_STANDARD = "gnu++14";
				CLANG_CXX_LIBRARY = "libc++";
				CLANG_ENABLE_MODULES = YES;
				CLANG_ENABLE_OBJC_ARC = YES;
				CLANG_ENABLE_OBJC_WEAK = YES;
				CLANG_WARN_BLOCK_CAPTURE_AUTORELEASING = YES;
				CLANG_WARN_BOOL_CONVERSION = YES;
				CLANG_WARN_COMMA = YES;
				CLANG_WARN_CONSTANT_CONVERSION = YES;
				CLANG_WARN_DEPRECATED_OBJC_IMPLEMENTATIONS = YES;
				CLANG_WARN_DIRECT_OBJC_ISA_USAGE = YES_ERROR;
				CLANG_WARN_DOCUMENTATION_COMMENTS = YES;
				CLANG_WARN_EMPTY_BODY = YES;
				CLANG_WARN_ENUM_CONVERSION = YES;
				CLANG_WARN_INFINITE_RECURSION = YES;
				CLANG_WARN_INT_CONVERSION = YES;
				CLANG_WARN_NON_LITERAL_NULL_CONVERSION = YES;
				CLANG_WARN_OBJC_IMPLICIT_RETAIN_SELF = YES;
				CLANG_WARN_OBJC_LITERAL_CONVERSION = YES;
				CLANG_WARN_OBJC_ROOT_CLASS = YES_ERROR;
				CLANG_WARN_RANGE_LOOP_ANALYSIS = YES;
				CLANG_WARN_STRICT_PROTOTYPES = YES;
				CLANG_WARN_SUSPICIOUS_MOVE = YES;
				CLANG_WARN_UNGUARDED_AVAILABILITY = YES_AGGRESSIVE;
				CLANG_WARN_UNREACHABLE_CODE = YES;
				CLANG_WARN__DUPLICATE_METHOD_MATCH = YES;
				CODE_SIGN_IDENTITY = "iPhone Developer";
				COPY_PHASE_STRIP = NO;
				DEBUG_INFORMATION_FORMAT = "dwarf-with-dsym";
				ENABLE_NS_ASSERTIONS = NO;
				ENABLE_STRICT_OBJC_MSGSEND = YES;
				GCC_C_LANGUAGE_STANDARD = gnu11;
				GCC_NO_COMMON_BLOCKS = YES;
				GCC_WARN_64_TO_32_BIT_CONVERSION = YES;
				GCC_WARN_ABOUT_RETURN_TYPE = YES_ERROR;
				GCC_WARN_UNDECLARED_SELECTOR = YES;
				GCC_WARN_UNINITIALIZED_AUTOS = YES_AGGRESSIVE;
				GCC_WARN_UNUSED_FUNCTION = YES;
				GCC_WARN_UNUSED_VARIABLE = YES;
				IPHONEOS_DEPLOYMENT_TARGET = 12.1;
				MTL_ENABLE_DEBUG_INFO = NO;
				MTL_FAST_MATH = YES;
				SDKROOT = iphoneos;
				SWIFT_COMPILATION_MODE = wholemodule;
				SWIFT_OPTIMIZATION_LEVEL = "-O";
				VALIDATE_PRODUCT = YES;
			};
			name = Release;
		};
		91A62FF521F8E78600718A87 /* Debug */ = {
			isa = XCBuildConfiguration;
			baseConfigurationReference = D1513749033EEED0D170EA62 /* Pods-CinematX.debug.xcconfig */;
			buildSettings = {
				ASSETCATALOG_COMPILER_APPICON_NAME = AppIcon;
				CODE_SIGN_STYLE = Automatic;
				DEVELOPMENT_TEAM = 6KGZ86RN37;
				INFOPLIST_FILE = CinematX/Info.plist;
				LD_RUNPATH_SEARCH_PATHS = (
					"$(inherited)",
					"@executable_path/Frameworks",
				);
				PRODUCT_BUNDLE_IDENTIFIER = "Adam-Londa.CinematX";
				PRODUCT_NAME = "$(TARGET_NAME)";
				SWIFT_VERSION = 4.2;
				TARGETED_DEVICE_FAMILY = "1,2";
			};
			name = Debug;
		};
		91A62FF621F8E78600718A87 /* Release */ = {
			isa = XCBuildConfiguration;
			baseConfigurationReference = 56717F08E472600CB30C7177 /* Pods-CinematX.release.xcconfig */;
			buildSettings = {
				ASSETCATALOG_COMPILER_APPICON_NAME = AppIcon;
				CODE_SIGN_STYLE = Automatic;
				DEVELOPMENT_TEAM = 6KGZ86RN37;
				INFOPLIST_FILE = CinematX/Info.plist;
				LD_RUNPATH_SEARCH_PATHS = (
					"$(inherited)",
					"@executable_path/Frameworks",
				);
				PRODUCT_BUNDLE_IDENTIFIER = "Adam-Londa.CinematX";
				PRODUCT_NAME = "$(TARGET_NAME)";
				SWIFT_VERSION = 4.2;
				TARGETED_DEVICE_FAMILY = "1,2";
			};
			name = Release;
		};
		91A62FF821F8E78600718A87 /* Debug */ = {
			isa = XCBuildConfiguration;
			buildSettings = {
				ALWAYS_EMBED_SWIFT_STANDARD_LIBRARIES = YES;
				BUNDLE_LOADER = "$(TEST_HOST)";
				CODE_SIGN_STYLE = Automatic;
				DEVELOPMENT_TEAM = 6KGZ86RN37;
				INFOPLIST_FILE = CinematXTests/Info.plist;
				LD_RUNPATH_SEARCH_PATHS = (
					"$(inherited)",
					"@executable_path/Frameworks",
					"@loader_path/Frameworks",
				);
				PRODUCT_BUNDLE_IDENTIFIER = "Adam-Londa.CinematXTests";
				PRODUCT_NAME = "$(TARGET_NAME)";
				SWIFT_VERSION = 4.2;
				TARGETED_DEVICE_FAMILY = "1,2";
				TEST_HOST = "$(BUILT_PRODUCTS_DIR)/CinematX.app/CinematX";
			};
			name = Debug;
		};
		91A62FF921F8E78600718A87 /* Release */ = {
			isa = XCBuildConfiguration;
			buildSettings = {
				ALWAYS_EMBED_SWIFT_STANDARD_LIBRARIES = YES;
				BUNDLE_LOADER = "$(TEST_HOST)";
				CODE_SIGN_STYLE = Automatic;
				DEVELOPMENT_TEAM = 6KGZ86RN37;
				INFOPLIST_FILE = CinematXTests/Info.plist;
				LD_RUNPATH_SEARCH_PATHS = (
					"$(inherited)",
					"@executable_path/Frameworks",
					"@loader_path/Frameworks",
				);
				PRODUCT_BUNDLE_IDENTIFIER = "Adam-Londa.CinematXTests";
				PRODUCT_NAME = "$(TARGET_NAME)";
				SWIFT_VERSION = 4.2;
				TARGETED_DEVICE_FAMILY = "1,2";
				TEST_HOST = "$(BUILT_PRODUCTS_DIR)/CinematX.app/CinematX";
			};
			name = Release;
		};
		91A62FFB21F8E78600718A87 /* Debug */ = {
			isa = XCBuildConfiguration;
			buildSettings = {
				ALWAYS_EMBED_SWIFT_STANDARD_LIBRARIES = YES;
				CODE_SIGN_STYLE = Automatic;
				DEVELOPMENT_TEAM = 6KGZ86RN37;
				INFOPLIST_FILE = CinematXUITests/Info.plist;
				LD_RUNPATH_SEARCH_PATHS = (
					"$(inherited)",
					"@executable_path/Frameworks",
					"@loader_path/Frameworks",
				);
				PRODUCT_BUNDLE_IDENTIFIER = "Adam-Londa.CinematXUITests";
				PRODUCT_NAME = "$(TARGET_NAME)";
				SWIFT_VERSION = 4.2;
				TARGETED_DEVICE_FAMILY = "1,2";
				TEST_TARGET_NAME = CinematX;
			};
			name = Debug;
		};
		91A62FFC21F8E78600718A87 /* Release */ = {
			isa = XCBuildConfiguration;
			buildSettings = {
				ALWAYS_EMBED_SWIFT_STANDARD_LIBRARIES = YES;
				CODE_SIGN_STYLE = Automatic;
				DEVELOPMENT_TEAM = 6KGZ86RN37;
				INFOPLIST_FILE = CinematXUITests/Info.plist;
				LD_RUNPATH_SEARCH_PATHS = (
					"$(inherited)",
					"@executable_path/Frameworks",
					"@loader_path/Frameworks",
				);
				PRODUCT_BUNDLE_IDENTIFIER = "Adam-Londa.CinematXUITests";
				PRODUCT_NAME = "$(TARGET_NAME)";
				SWIFT_VERSION = 4.2;
				TARGETED_DEVICE_FAMILY = "1,2";
				TEST_TARGET_NAME = CinematX;
			};
			name = Release;
		};
/* End XCBuildConfiguration section */

/* Begin XCConfigurationList section */
		91A62FC721F8E78300718A87 /* Build configuration list for PBXProject "CinematX" */ = {
			isa = XCConfigurationList;
			buildConfigurations = (
				91A62FF221F8E78600718A87 /* Debug */,
				91A62FF321F8E78600718A87 /* Release */,
			);
			defaultConfigurationIsVisible = 0;
			defaultConfigurationName = Release;
		};
		91A62FF421F8E78600718A87 /* Build configuration list for PBXNativeTarget "CinematX" */ = {
			isa = XCConfigurationList;
			buildConfigurations = (
				91A62FF521F8E78600718A87 /* Debug */,
				91A62FF621F8E78600718A87 /* Release */,
			);
			defaultConfigurationIsVisible = 0;
			defaultConfigurationName = Release;
		};
		91A62FF721F8E78600718A87 /* Build configuration list for PBXNativeTarget "CinematXTests" */ = {
			isa = XCConfigurationList;
			buildConfigurations = (
				91A62FF821F8E78600718A87 /* Debug */,
				91A62FF921F8E78600718A87 /* Release */,
			);
			defaultConfigurationIsVisible = 0;
			defaultConfigurationName = Release;
		};
		91A62FFA21F8E78600718A87 /* Build configuration list for PBXNativeTarget "CinematXUITests" */ = {
			isa = XCConfigurationList;
			buildConfigurations = (
				91A62FFB21F8E78600718A87 /* Debug */,
				91A62FFC21F8E78600718A87 /* Release */,
			);
			defaultConfigurationIsVisible = 0;
			defaultConfigurationName = Release;
		};
/* End XCConfigurationList section */
	};
	rootObject = 91A62FC421F8E78300718A87 /* Project object */;
}
